
Microsoft Visual Studio Solution File, Format Version 12.00
# Visual Studio 15
VisualStudioVersion = 15.0.28010.2046
MinimumVisualStudioVersion = 10.0.40219.1
Project("{FAE04EC0-301F-11D3-BF4B-00C04F79EFBC}") = "ProPApplication", "ProPApplication\ProPApplication.csproj", "{62985A2D-1039-48DB-B6DF-A59FA01AA3F7}"
EndProject
Project("{FAE04EC0-301F-11D3-BF4B-00C04F79EFBC}") = "Test", "Test\Test.csproj", "{EC1A98DC-02CD-4D75-A1BB-526520228FCC}"
EndProject
Global
	GlobalSection(SolutionConfigurationPlatforms) = preSolution
		Debug|Any CPU = Debug|Any CPU
		Release|Any CPU = Release|Any CPU
	EndGlobalSection
	GlobalSection(ProjectConfigurationPlatforms) = postSolution
		{62985A2D-1039-48DB-B6DF-A59FA01AA3F7}.Debug|Any CPU.ActiveCfg = Debug|Any CPU
		{62985A2D-1039-48DB-B6DF-A59FA01AA3F7}.Debug|Any CPU.Build.0 = Debug|Any CPU
		{62985A2D-1039-48DB-B6DF-A59FA01AA3F7}.Release|Any CPU.ActiveCfg = Release|Any CPU
		{62985A2D-1039-48DB-B6DF-A59FA01AA3F7}.Release|Any CPU.Build.0 = Release|Any CPU
		{EC1A98DC-02CD-4D75-A1BB-526520228FCC}.Debug|Any CPU.ActiveCfg = Debug|Any CPU
		{EC1A98DC-02CD-4D75-A1BB-526520228FCC}.Debug|Any CPU.Build.0 = Debug|Any CPU
		{EC1A98DC-02CD-4D75-A1BB-526520228FCC}.Release|Any CPU.ActiveCfg = Release|Any CPU
		{EC1A98DC-02CD-4D75-A1BB-526520228FCC}.Release|Any CPU.Build.0 = Release|Any CPU
	EndGlobalSection
	GlobalSection(SolutionProperties) = preSolution
		HideSolutionNode = FALSE
	EndGlobalSection
	GlobalSection(ExtensibilityGlobals) = postSolution
		SolutionGuid = {9506B564-AAC4-43BF-AFEC-C9E9F8048CED}
	EndGlobalSection
EndGlobal
